
Microsoft Visual Studio Solution File, Format Version 12.00
# Visual Studio 15
Project("{FAE04EC0-301F-11D3-BF4B-00C04F79EFBC}") = "MC2", "Assembly-CSharp-firstpass.csproj", "{4633F546-CBBE-3E00-BCFE-FBB8EAE1410D}"
EndProject
Project("{FAE04EC0-301F-11D3-BF4B-00C04F79EFBC}") = "MC2", "Assembly-CSharp.csproj", "{FAF58DF5-F7C4-9E44-BC5F-CCF8D3DF3626}"
EndProject
Project("{FAE04EC0-301F-11D3-BF4B-00C04F79EFBC}") = "MC2", "Assembly-CSharp-Editor-firstpass.csproj", "{8C0D5741-7182-3503-0A03-6BEF49F4DA7B}"
EndProject
Project("{FAE04EC0-301F-11D3-BF4B-00C04F79EFBC}") = "MC2", "Assembly-CSharp-Editor.csproj", "{763E17CA-96A4-5456-E079-DE8928B7EEBC}"
EndProject
Global
	GlobalSection(SolutionConfigurationPlatforms) = preSolution
		Debug|Any CPU = Debug|Any CPU
		Release|Any CPU = Release|Any CPU
	EndGlobalSection
	GlobalSection(ProjectConfigurationPlatforms) = postSolution
		{4633F546-CBBE-3E00-BCFE-FBB8EAE1410D}.Debug|Any CPU.ActiveCfg = Debug|Any CPU
		{4633F546-CBBE-3E00-BCFE-FBB8EAE1410D}.Debug|Any CPU.Build.0 = Debug|Any CPU
		{4633F546-CBBE-3E00-BCFE-FBB8EAE1410D}.Release|Any CPU.ActiveCfg = Release|Any CPU
		{4633F546-CBBE-3E00-BCFE-FBB8EAE1410D}.Release|Any CPU.Build.0 = Release|Any CPU
		{FAF58DF5-F7C4-9E44-BC5F-CCF8D3DF3626}.Debug|Any CPU.ActiveCfg = Debug|Any CPU
		{FAF58DF5-F7C4-9E44-BC5F-CCF8D3DF3626}.Debug|Any CPU.Build.0 = Debug|Any CPU
		{FAF58DF5-F7C4-9E44-BC5F-CCF8D3DF3626}.Release|Any CPU.ActiveCfg = Release|Any CPU
		{FAF58DF5-F7C4-9E44-BC5F-CCF8D3DF3626}.Release|Any CPU.Build.0 = Release|Any CPU
		{8C0D5741-7182-3503-0A03-6BEF49F4DA7B}.Debug|Any CPU.ActiveCfg = Debug|Any CPU
		{8C0D5741-7182-3503-0A03-6BEF49F4DA7B}.Debug|Any CPU.Build.0 = Debug|Any CPU
		{8C0D5741-7182-3503-0A03-6BEF49F4DA7B}.Release|Any CPU.ActiveCfg = Release|Any CPU
		{8C0D5741-7182-3503-0A03-6BEF49F4DA7B}.Release|Any CPU.Build.0 = Release|Any CPU
		{763E17CA-96A4-5456-E079-DE8928B7EEBC}.Debug|Any CPU.ActiveCfg = Debug|Any CPU
		{763E17CA-96A4-5456-E079-DE8928B7EEBC}.Debug|Any CPU.Build.0 = Debug|Any CPU
		{763E17CA-96A4-5456-E079-DE8928B7EEBC}.Release|Any CPU.ActiveCfg = Release|Any CPU
		{763E17CA-96A4-5456-E079-DE8928B7EEBC}.Release|Any CPU.Build.0 = Release|Any CPU
	EndGlobalSection
	GlobalSection(SolutionProperties) = preSolution
		HideSolutionNode = FALSE
	EndGlobalSection
EndGlobal
