Microsoft Visual Studio Solution File, Format Version 11.00
# Visual Studio 2010
Project("{FAE04EC0-301F-11D3-BF4B-00C04F79EFBC}") = "Assembly-CSharp-firstpass", "Assembly-CSharp-firstpass.csproj", "{4633F546-CBBE-3E00-BCFE-FBB8EAE1410D}"
EndProject
Project("{FAE04EC0-301F-11D3-BF4B-00C04F79EFBC}") = "Assembly-CSharp", "Assembly-CSharp.csproj", "{FAF58DF5-F7C4-9E44-BC5F-CCF8D3DF3626}"
EndProject
Global
	GlobalSection(SolutionConfigurationPlatforms) = preSolution
		Debug|Any CPU = Debug|Any CPU
		Release|Any CPU = Release|Any CPU
	EndGlobalSection
	GlobalSection(ProjectConfigurationPlatforms) = postSolution
		{4633F546-CBBE-3E00-BCFE-FBB8EAE1410D}.Debug|Any CPU.ActiveCfg = Debug|Any CPU
		{4633F546-CBBE-3E00-BCFE-FBB8EAE1410D}.Debug|Any CPU.Build.0 = Debug|Any CPU
		{4633F546-CBBE-3E00-BCFE-FBB8EAE1410D}.Release|Any CPU.ActiveCfg = Release|Any CPU
		{4633F546-CBBE-3E00-BCFE-FBB8EAE1410D}.Release|Any CPU.Build.0 = Release|Any CPU
		{FAF58DF5-F7C4-9E44-BC5F-CCF8D3DF3626}.Debug|Any CPU.ActiveCfg = Debug|Any CPU
		{FAF58DF5-F7C4-9E44-BC5F-CCF8D3DF3626}.Debug|Any CPU.Build.0 = Debug|Any CPU
		{FAF58DF5-F7C4-9E44-BC5F-CCF8D3DF3626}.Release|Any CPU.ActiveCfg = Release|Any CPU
		{FAF58DF5-F7C4-9E44-BC5F-CCF8D3DF3626}.Release|Any CPU.Build.0 = Release|Any CPU
	EndGlobalSection
	GlobalSection(SolutionProperties) = preSolution
		HideSolutionNode = FALSE
	EndGlobalSection
	GlobalSection(MonoDevelopProperties) = preSolution
		StartupItem = Assembly-CSharp.csproj
	EndGlobalSection
EndGlobal
